# Frozen on 2026-09-16 from the verified Python 3.12 FlyGym runtime.
# Install dependencies first, then install this repository with --no-deps.
annotated-doc==0.0.5
annotated-types==0.8.0
anyio==4.15.1
click==8.5.0
fastapi==0.141.1
flygym==2.1.0
h11==0.16.0
idna==3.19
jsonschema==4.26.0
matplotlib==3.11.2
mujoco==3.9.0
numpy==2.5.3
pydantic==2.13.5
pytest==9.1.1
PyYAML==6.0.3
scipy==1.18.1
starlette==1.6.0
typing-inspection==0.4.4
uvicorn==0.53.0
